
Microsoft Visual Studio Solution File, Format Version 12.00
# Visual Studio 15
VisualStudioVersion = 15.0.26730.16
MinimumVisualStudioVersion = 10.0.40219.1
Project("{FAE04EC0-301F-11D3-BF4B-00C04F79EFBC}") = "Exam70483_1", "Exam70483_1\Exam70483_1.csproj", "{BC7A9753-8F9F-4AC5-A4EF-1CC926DE492F}"
EndProject
Global
	GlobalSection(SolutionConfigurationPlatforms) = preSolution
		Debug|Any CPU = Debug|Any CPU
		Release|Any CPU = Release|Any CPU
	EndGlobalSection
	GlobalSection(ProjectConfigurationPlatforms) = postSolution
		{BC7A9753-8F9F-4AC5-A4EF-1CC926DE492F}.Debug|Any CPU.ActiveCfg = Debug|Any CPU
		{BC7A9753-8F9F-4AC5-A4EF-1CC926DE492F}.Debug|Any CPU.Build.0 = Debug|Any CPU
		{BC7A9753-8F9F-4AC5-A4EF-1CC926DE492F}.Release|Any CPU.ActiveCfg = Release|Any CPU
		{BC7A9753-8F9F-4AC5-A4EF-1CC926DE492F}.Release|Any CPU.Build.0 = Release|Any CPU
	EndGlobalSection
	GlobalSection(SolutionProperties) = preSolution
		HideSolutionNode = FALSE
	EndGlobalSection
	GlobalSection(ExtensibilityGlobals) = postSolution
		SolutionGuid = {D88E8809-DA4C-492A-B2BA-85CA8883F3D3}
	EndGlobalSection
EndGlobal
